// !$*UTF8*$!
{
	archiveVersion = 1;
	classes = {
	};
	objectVersion = 56;
	objects = {

/* Begin PBXBuildFile section */
		04D8314829D1F11B00A0D737 /* My_Day_WithOutCoreDataLoaded_App.swift in Sources */ = {isa = PBXBuildFile; fileRef = 04D8314729D1F11B00A0D737 /* My_Day_WithOutCoreDataLoaded_App.swift */; };
		04D8314A29D1F11B00A0D737 /* TrackingAppointmentsView.swift in Sources */ = {isa = PBXBuildFile; fileRef = 04D8314929D1F11B00A0D737 /* TrackingAppointmentsView.swift */; };
		04D8314C29D1F11D00A0D737 /* Assets.xcassets in Resources */ = {isa = PBXBuildFile; fileRef = 04D8314B29D1F11D00A0D737 /* Assets.xcassets */; };
		04D8314F29D1F11D00A0D737 /* Preview Assets.xcassets in Resources */ = {isa = PBXBuildFile; fileRef = 04D8314E29D1F11D00A0D737 /* Preview Assets.xcassets */; };
		04D8315729D1F25D00A0D737 /* Reminder.xcdatamodeld in Sources */ = {isa = PBXBuildFile; fileRef = 04D8315529D1F25D00A0D737 /* Reminder.xcdatamodeld */; };
		04D8315929D1F2CE00A0D737 /* AddReminderView.swift in Sources */ = {isa = PBXBuildFile; fileRef = 04D8315829D1F2CE00A0D737 /* AddReminderView.swift */; };
		04D8315B29D1F3D600A0D737 /* DataController.swift in Sources */ = {isa = PBXBuildFile; fileRef = 04D8315A29D1F3D600A0D737 /* DataController.swift */; };
		04D8315D29D1F42300A0D737 /* DailyScheduleView.swift in Sources */ = {isa = PBXBuildFile; fileRef = 04D8315C29D1F42300A0D737 /* DailyScheduleView.swift */; };
		04D8315F29D1F58600A0D737 /* MainView.swift in Sources */ = {isa = PBXBuildFile; fileRef = 04D8315E29D1F58600A0D737 /* MainView.swift */; };
		04D8316129D1F5F000A0D737 /* SettingsView.swift in Sources */ = {isa = PBXBuildFile; fileRef = 04D8316029D1F5F000A0D737 /* SettingsView.swift */; };
		04D8316329D1F62F00A0D737 /* DarkMode.swift in Sources */ = {isa = PBXBuildFile; fileRef = 04D8316229D1F62F00A0D737 /* DarkMode.swift */; };
/* End PBXBuildFile section */

/* Begin PBXFileReference section */
		04D8314429D1F11B00A0D737 /* My Day(WithOutCoreDataLoaded).app */ = {isa = PBXFileReference; explicitFileType = wrapper.application; includeInIndex = 0; path = "My Day(WithOutCoreDataLoaded).app"; sourceTree = BUILT_PRODUCTS_DIR; };
		04D8314729D1F11B00A0D737 /* My_Day_WithOutCoreDataLoaded_App.swift */ = {isa = PBXFileReference; lastKnownFileType = sourcecode.swift; path = My_Day_WithOutCoreDataLoaded_App.swift; sourceTree = "<group>"; };
		04D8314929D1F11B00A0D737 /* TrackingAppointmentsView.swift */ = {isa = PBXFileReference; lastKnownFileType = sourcecode.swift; path = TrackingAppointmentsView.swift; sourceTree = "<group>"; };
		04D8314B29D1F11D00A0D737 /* Assets.xcassets */ = {isa = PBXFileReference; lastKnownFileType = folder.assetcatalog; path = Assets.xcassets; sourceTree = "<group>"; };
		04D8314E29D1F11D00A0D737 /* Preview Assets.xcassets */ = {isa = PBXFileReference; lastKnownFileType = folder.assetcatalog; path = "Preview Assets.xcassets"; sourceTree = "<group>"; };
		04D8315629D1F25D00A0D737 /* Reminder.xcdatamodel */ = {isa = PBXFileReference; lastKnownFileType = wrapper.xcdatamodel; path = Reminder.xcdatamodel; sourceTree = "<group>"; };
		04D8315829D1F2CE00A0D737 /* AddReminderView.swift */ = {isa = PBXFileReference; lastKnownFileType = sourcecode.swift; path = AddReminderView.swift; sourceTree = "<group>"; };
		04D8315A29D1F3D600A0D737 /* DataController.swift */ = {isa = PBXFileReference; lastKnownFileType = sourcecode.swift; path = DataController.swift; sourceTree = "<group>"; };
		04D8315C29D1F42300A0D737 /* DailyScheduleView.swift */ = {isa = PBXFileReference; lastKnownFileType = sourcecode.swift; path = DailyScheduleView.swift; sourceTree = "<group>"; };
		04D8315E29D1F58600A0D737 /* MainView.swift */ = {isa = PBXFileReference; lastKnownFileType = sourcecode.swift; path = MainView.swift; sourceTree = "<group>"; };
		04D8316029D1F5F000A0D737 /* SettingsView.swift */ = {isa = PBXFileReference; lastKnownFileType = sourcecode.swift; path = SettingsView.swift; sourceTree = "<group>"; };
		04D8316229D1F62F00A0D737 /* DarkMode.swift */ = {isa = PBXFileReference; lastKnownFileType = sourcecode.swift; path = DarkMode.swift; sourceTree = "<group>"; };
/* End PBXFileReference section */

/* Begin PBXFrameworksBuildPhase section */
		04D8314129D1F11B00A0D737 /* Frameworks */ = {
			isa = PBXFrameworksBuildPhase;
			buildActionMask = 2147483647;
			files = (
			);
			runOnlyForDeploymentPostprocessing = 0;
		};
/* End PBXFrameworksBuildPhase section */

/* Begin PBXGroup section */
		04D8313B29D1F11B00A0D737 = {
			isa = PBXGroup;
			children = (
				04D8314629D1F11B00A0D737 /* My Day(WithOutCoreDataLoaded) */,
				04D8314529D1F11B00A0D737 /* Products */,
			);
			sourceTree = "<group>";
		};
		04D8314529D1F11B00A0D737 /* Products */ = {
			isa = PBXGroup;
			children = (
				04D8314429D1F11B00A0D737 /* My Day(WithOutCoreDataLoaded).app */,
			);
			name = Products;
			sourceTree = "<group>";
		};
		04D8314629D1F11B00A0D737 /* My Day(WithOutCoreDataLoaded) */ = {
			isa = PBXGroup;
			children = (
				04D8314729D1F11B00A0D737 /* My_Day_WithOutCoreDataLoaded_App.swift */,
				04D8315E29D1F58600A0D737 /* MainView.swift */,
				04D8314929D1F11B00A0D737 /* TrackingAppointmentsView.swift */,
				04D8315C29D1F42300A0D737 /* DailyScheduleView.swift */,
				04D8315829D1F2CE00A0D737 /* AddReminderView.swift */,
				04D8316029D1F5F000A0D737 /* SettingsView.swift */,
				04D8316229D1F62F00A0D737 /* DarkMode.swift */,
				04D8315A29D1F3D600A0D737 /* DataController.swift */,
				04D8315529D1F25D00A0D737 /* Reminder.xcdatamodeld */,
				04D8314B29D1F11D00A0D737 /* Assets.xcassets */,
				04D8314D29D1F11D00A0D737 /* Preview Content */,
			);
			path = "My Day(WithOutCoreDataLoaded)";
			sourceTree = "<group>";
		};
		04D8314D29D1F11D00A0D737 /* Preview Content */ = {
			isa = PBXGroup;
			children = (
				04D8314E29D1F11D00A0D737 /* Preview Assets.xcassets */,
			);
			path = "Preview Content";
			sourceTree = "<group>";
		};
/* End PBXGroup section */

/* Begin PBXNativeTarget section */
		04D8314329D1F11B00A0D737 /* My Day(WithOutCoreDataLoaded) */ = {
			isa = PBXNativeTarget;
			buildConfigurationList = 04D8315229D1F11D00A0D737 /* Build configuration list for PBXNativeTarget "My Day(WithOutCoreDataLoaded)" */;
			buildPhases = (
				04D8314029D1F11B00A0D737 /* Sources */,
				04D8314129D1F11B00A0D737 /* Frameworks */,
				04D8314229D1F11B00A0D737 /* Resources */,
			);
			buildRules = (
			);
			dependencies = (
			);
			name = "My Day(WithOutCoreDataLoaded)";
			productName = "My Day(WithOutCoreDataLoaded)";
			productReference = 04D8314429D1F11B00A0D737 /* My Day(WithOutCoreDataLoaded).app */;
			productType = "com.apple.product-type.application";
		};
/* End PBXNativeTarget section */

/* Begin PBXProject section */
		04D8313C29D1F11B00A0D737 /* Project object */ = {
			isa = PBXProject;
			attributes = {
				BuildIndependentTargetsInParallel = 1;
				LastSwiftUpdateCheck = 1420;
				LastUpgradeCheck = 1420;
				TargetAttributes = {
					04D8314329D1F11B00A0D737 = {
						CreatedOnToolsVersion = 14.2;
					};
				};
			};
			buildConfigurationList = 04D8313F29D1F11B00A0D737 /* Build configuration list for PBXProject "My Day(WithOutCoreDataLoaded)" */;
			compatibilityVersion = "Xcode 14.0";
			developmentRegion = en;
			hasScannedForEncodings = 0;
			knownRegions = (
				en,
				Base,
			);
			mainGroup = 04D8313B29D1F11B00A0D737;
			productRefGroup = 04D8314529D1F11B00A0D737 /* Products */;
			projectDirPath = "";
			projectRoot = "";
			targets = (
				04D8314329D1F11B00A0D737 /* My Day(WithOutCoreDataLoaded) */,
			);
		};
/* End PBXProject section */

/* Begin PBXResourcesBuildPhase section */
		04D8314229D1F11B00A0D737 /* Resources */ = {
			isa = PBXResourcesBuildPhase;
			buildActionMask = 2147483647;
			files = (
				04D8314F29D1F11D00A0D737 /* Preview Assets.xcassets in Resources */,
				04D8314C29D1F11D00A0D737 /* Assets.xcassets in Resources */,
			);
			runOnlyForDeploymentPostprocessing = 0;
		};
/* End PBXResourcesBuildPhase section */

/* Begin PBXSourcesBuildPhase section */
		04D8314029D1F11B00A0D737 /* Sources */ = {
			isa = PBXSourcesBuildPhase;
			buildActionMask = 2147483647;
			files = (
				04D8315B29D1F3D600A0D737 /* DataController.swift in Sources */,
				04D8316129D1F5F000A0D737 /* SettingsView.swift in Sources */,
				04D8315F29D1F58600A0D737 /* MainView.swift in Sources */,
				04D8316329D1F62F00A0D737 /* DarkMode.swift in Sources */,
				04D8314A29D1F11B00A0D737 /* TrackingAppointmentsView.swift in Sources */,
				04D8314829D1F11B00A0D737 /* My_Day_WithOutCoreDataLoaded_App.swift in Sources */,
				04D8315729D1F25D00A0D737 /* Reminder.xcdatamodeld in Sources */,
				04D8315929D1F2CE00A0D737 /* AddReminderView.swift in Sources */,
				04D8315D29D1F42300A0D737 /* DailyScheduleView.swift in Sources */,
			);
			runOnlyForDeploymentPostprocessing = 0;
		};
/* End PBXSourcesBuildPhase section */

/* Begin XCBuildConfiguration section */
		04D8315029D1F11D00A0D737 /* Debug */ = {
			isa = XCBuildConfiguration;
			buildSettings = {
				ALWAYS_SEARCH_USER_PATHS = NO;
				CLANG_ANALYZER_NONNULL = YES;
				CLANG_ANALYZER_NUMBER_OBJECT_CONVERSION = YES_AGGRESSIVE;
				CLANG_CXX_LANGUAGE_STANDARD = "gnu++20";
				CLANG_ENABLE_MODULES = YES;
				CLANG_ENABLE_OBJC_ARC = YES;
				CLANG_ENABLE_OBJC_WEAK = YES;
				CLANG_WARN_BLOCK_CAPTURE_AUTORELEASING = YES;
				CLANG_WARN_BOOL_CONVERSION = YES;
				CLANG_WARN_COMMA = YES;
				CLANG_WARN_CONSTANT_CONVERSION = YES;
				CLANG_WARN_DEPRECATED_OBJC_IMPLEMENTATIONS = YES;
				CLANG_WARN_DIRECT_OBJC_ISA_USAGE = YES_ERROR;
				CLANG_WARN_DOCUMENTATION_COMMENTS = YES;
				CLANG_WARN_EMPTY_BODY = YES;
				CLANG_WARN_ENUM_CONVERSION = YES;
				CLANG_WARN_INFINITE_RECURSION = YES;
				CLANG_WARN_INT_CONVERSION = YES;
				CLANG_WARN_NON_LITERAL_NULL_CONVERSION = YES;
				CLANG_WARN_OBJC_IMPLICIT_RETAIN_SELF = YES;
				CLANG_WARN_OBJC_LITERAL_CONVERSION = YES;
				CLANG_WARN_OBJC_ROOT_CLASS = YES_ERROR;
				CLANG_WARN_QUOTED_INCLUDE_IN_FRAMEWORK_HEADER = YES;
				CLANG_WARN_RANGE_LOOP_ANALYSIS = YES;
				CLANG_WARN_STRICT_PROTOTYPES = YES;
				CLANG_WARN_SUSPICIOUS_MOVE = YES;
				CLANG_WARN_UNGUARDED_AVAILABILITY = YES_AGGRESSIVE;
				CLANG_WARN_UNREACHABLE_CODE = YES;
				CLANG_WARN__DUPLICATE_METHOD_MATCH = YES;
				COPY_PHASE_STRIP = NO;
				DEBUG_INFORMATION_FORMAT = dwarf;
				ENABLE_STRICT_OBJC_MSGSEND = YES;
				ENABLE_TESTABILITY = YES;
				GCC_C_LANGUAGE_STANDARD = gnu11;
				GCC_DYNAMIC_NO_PIC = NO;
				GCC_NO_COMMON_BLOCKS = YES;
				GCC_OPTIMIZATION_LEVEL = 0;
				GCC_PREPROCESSOR_DEFINITIONS = (
					"DEBUG=1",
					"$(inherited)",
				);
				GCC_WARN_64_TO_32_BIT_CONVERSION = YES;
				GCC_WARN_ABOUT_RETURN_TYPE = YES_ERROR;
				GCC_WARN_UNDECLARED_SELECTOR = YES;
				GCC_WARN_UNINITIALIZED_AUTOS = YES_AGGRESSIVE;
				GCC_WARN_UNUSED_FUNCTION = YES;
				GCC_WARN_UNUSED_VARIABLE = YES;
				IPHONEOS_DEPLOYMENT_TARGET = 16.2;
				MTL_ENABLE_DEBUG_INFO = INCLUDE_SOURCE;
				MTL_FAST_MATH = YES;
				ONLY_ACTIVE_ARCH = YES;
				SDKROOT = iphoneos;
				SWIFT_ACTIVE_COMPILATION_CONDITIONS = DEBUG;
				SWIFT_OPTIMIZATION_LEVEL = "-Onone";
			};
			name = Debug;
		};
		04D8315129D1F11D00A0D737 /* Release */ = {
			isa = XCBuildConfiguration;
			buildSettings = {
				ALWAYS_SEARCH_USER_PATHS = NO;
				CLANG_ANALYZER_NONNULL = YES;
				CLANG_ANALYZER_NUMBER_OBJECT_CONVERSION = YES_AGGRESSIVE;
				CLANG_CXX_LANGUAGE_STANDARD = "gnu++20";
				CLANG_ENABLE_MODULES = YES;
				CLANG_ENABLE_OBJC_ARC = YES;
				CLANG_ENABLE_OBJC_WEAK = YES;
				CLANG_WARN_BLOCK_CAPTURE_AUTORELEASING = YES;
				CLANG_WARN_BOOL_CONVERSION = YES;
				CLANG_WARN_COMMA = YES;
				CLANG_WARN_CONSTANT_CONVERSION = YES;
				CLANG_WARN_DEPRECATED_OBJC_IMPLEMENTATIONS = YES;
				CLANG_WARN_DIRECT_OBJC_ISA_USAGE = YES_ERROR;
				CLANG_WARN_DOCUMENTATION_COMMENTS = YES;
				CLANG_WARN_EMPTY_BODY = YES;
				CLANG_WARN_ENUM_CONVERSION = YES;
				CLANG_WARN_INFINITE_RECURSION = YES;
				CLANG_WARN_INT_CONVERSION = YES;
				CLANG_WARN_NON_LITERAL_NULL_CONVERSION = YES;
				CLANG_WARN_OBJC_IMPLICIT_RETAIN_SELF = YES;
				CLANG_WARN_OBJC_LITERAL_CONVERSION = YES;
				CLANG_WARN_OBJC_ROOT_CLASS = YES_ERROR;
				CLANG_WARN_QUOTED_INCLUDE_IN_FRAMEWORK_HEADER = YES;
				CLANG_WARN_RANGE_LOOP_ANALYSIS = YES;
				CLANG_WARN_STRICT_PROTOTYPES = YES;
				CLANG_WARN_SUSPICIOUS_MOVE = YES;
				CLANG_WARN_UNGUARDED_AVAILABILITY = YES_AGGRESSIVE;
				CLANG_WARN_UNREACHABLE_CODE = YES;
				CLANG_WARN__DUPLICATE_METHOD_MATCH = YES;
				COPY_PHASE_STRIP = NO;
				DEBUG_INFORMATION_FORMAT = "dwarf-with-dsym";
				ENABLE_NS_ASSERTIONS = NO;
				ENABLE_STRICT_OBJC_MSGSEND = YES;
				GCC_C_LANGUAGE_STANDARD = gnu11;
				GCC_NO_COMMON_BLOCKS = YES;
				GCC_WARN_64_TO_32_BIT_CONVERSION = YES;
				GCC_WARN_ABOUT_RETURN_TYPE = YES_ERROR;
				GCC_WARN_UNDECLARED_SELECTOR = YES;
				GCC_WARN_UNINITIALIZED_AUTOS = YES_AGGRESSIVE;
				GCC_WARN_UNUSED_FUNCTION = YES;
				GCC_WARN_UNUSED_VARIABLE = YES;
				IPHONEOS_DEPLOYMENT_TARGET = 16.2;
				MTL_ENABLE_DEBUG_INFO = NO;
				MTL_FAST_MATH = YES;
				SDKROOT = iphoneos;
				SWIFT_COMPILATION_MODE = wholemodule;
				SWIFT_OPTIMIZATION_LEVEL = "-O";
				VALIDATE_PRODUCT = YES;
			};
			name = Release;
		};
		04D8315329D1F11D00A0D737 /* Debug */ = {
			isa = XCBuildConfiguration;
			buildSettings = {
				ASSETCATALOG_COMPILER_APPICON_NAME = AppIcon;
				ASSETCATALOG_COMPILER_GLOBAL_ACCENT_COLOR_NAME = AccentColor;
				CODE_SIGN_STYLE = Automatic;
				CURRENT_PROJECT_VERSION = 1;
				DEVELOPMENT_ASSET_PATHS = "\"My Day(WithOutCoreDataLoaded)/Preview Content\"";
				DEVELOPMENT_TEAM = PN5QQ6G334;
				ENABLE_PREVIEWS = YES;
				GENERATE_INFOPLIST_FILE = YES;
				INFOPLIST_KEY_UIApplicationSceneManifest_Generation = YES;
				INFOPLIST_KEY_UIApplicationSupportsIndirectInputEvents = YES;
				INFOPLIST_KEY_UILaunchScreen_Generation = YES;
				INFOPLIST_KEY_UISupportedInterfaceOrientations_iPad = "UIInterfaceOrientationPortrait UIInterfaceOrientationPortraitUpsideDown UIInterfaceOrientationLandscapeLeft UIInterfaceOrientationLandscapeRight";
				INFOPLIST_KEY_UISupportedInterfaceOrientations_iPhone = "UIInterfaceOrientationPortrait UIInterfaceOrientationLandscapeLeft UIInterfaceOrientationLandscapeRight";
				IPHONEOS_DEPLOYMENT_TARGET = 16.2;
				LD_RUNPATH_SEARCH_PATHS = (
					"$(inherited)",
					"@executable_path/Frameworks",
				);
				MARKETING_VERSION = 1.0;
				PRODUCT_BUNDLE_IDENTIFIER = "com.hackingwithswift.My-Day-WithOutCoreDataLoaded-";
				PRODUCT_NAME = "$(TARGET_NAME)";
				SWIFT_EMIT_LOC_STRINGS = YES;
				SWIFT_VERSION = 5.0;
				TARGETED_DEVICE_FAMILY = "1,2";
			};
			name = Debug;
		};
		04D8315429D1F11D00A0D737 /* Release */ = {
			isa = XCBuildConfiguration;
			buildSettings = {
				ASSETCATALOG_COMPILER_APPICON_NAME = AppIcon;
				ASSETCATALOG_COMPILER_GLOBAL_ACCENT_COLOR_NAME = AccentColor;
				CODE_SIGN_STYLE = Automatic;
				CURRENT_PROJECT_VERSION = 1;
				DEVELOPMENT_ASSET_PATHS = "\"My Day(WithOutCoreDataLoaded)/Preview Content\"";
				DEVELOPMENT_TEAM = PN5QQ6G334;
				ENABLE_PREVIEWS = YES;
				GENERATE_INFOPLIST_FILE = YES;
				INFOPLIST_KEY_UIApplicationSceneManifest_Generation = YES;
				INFOPLIST_KEY_UIApplicationSupportsIndirectInputEvents = YES;
				INFOPLIST_KEY_UILaunchScreen_Generation = YES;
				INFOPLIST_KEY_UISupportedInterfaceOrientations_iPad = "UIInterfaceOrientationPortrait UIInterfaceOrientationPortraitUpsideDown UIInterfaceOrientationLandscapeLeft UIInterfaceOrientationLandscapeRight";
				INFOPLIST_KEY_UISupportedInterfaceOrientations_iPhone = "UIInterfaceOrientationPortrait UIInterfaceOrientationLandscapeLeft UIInterfaceOrientationLandscapeRight";
				IPHONEOS_DEPLOYMENT_TARGET = 16.2;
				LD_RUNPATH_SEARCH_PATHS = (
					"$(inherited)",
					"@executable_path/Frameworks",
				);
				MARKETING_VERSION = 1.0;
				PRODUCT_BUNDLE_IDENTIFIER = "com.hackingwithswift.My-Day-WithOutCoreDataLoaded-";
				PRODUCT_NAME = "$(TARGET_NAME)";
				SWIFT_EMIT_LOC_STRINGS = YES;
				SWIFT_VERSION = 5.0;
				TARGETED_DEVICE_FAMILY = "1,2";
			};
			name = Release;
		};
/* End XCBuildConfiguration section */

/* Begin XCConfigurationList section */
		04D8313F29D1F11B00A0D737 /* Build configuration list for PBXProject "My Day(WithOutCoreDataLoaded)" */ = {
			isa = XCConfigurationList;
			buildConfigurations = (
				04D8315029D1F11D00A0D737 /* Debug */,
				04D8315129D1F11D00A0D737 /* Release */,
			);
			defaultConfigurationIsVisible = 0;
			defaultConfigurationName = Release;
		};
		04D8315229D1F11D00A0D737 /* Build configuration list for PBXNativeTarget "My Day(WithOutCoreDataLoaded)" */ = {
			isa = XCConfigurationList;
			buildConfigurations = (
				04D8315329D1F11D00A0D737 /* Debug */,
				04D8315429D1F11D00A0D737 /* Release */,
			);
			defaultConfigurationIsVisible = 0;
			defaultConfigurationName = Release;
		};
/* End XCConfigurationList section */

/* Begin XCVersionGroup section */
		04D8315529D1F25D00A0D737 /* Reminder.xcdatamodeld */ = {
			isa = XCVersionGroup;
			children = (
				04D8315629D1F25D00A0D737 /* Reminder.xcdatamodel */,
			);
			currentVersion = 04D8315629D1F25D00A0D737 /* Reminder.xcdatamodel */;
			path = Reminder.xcdatamodeld;
			sourceTree = "<group>";
			versionGroupType = wrapper.xcdatamodel;
		};
/* End XCVersionGroup section */
	};
	rootObject = 04D8313C29D1F11B00A0D737 /* Project object */;
}
